{
  "name": "eshop",
  "version": "1.0.0",
  "lockfileVersion": 1,
  "requires": true,
  "dependencies": {
    "total.js": {
      "version": "3.4.13",
      "resolved": "https://registry.npmjs.org/total.js/-/total.js-3.4.13.tgz",
      "integrity": "sha512-lAH4gEixlPFbrE3xfKADAcHfO79IFq2wKa9GTsrgRzIR5MTg3mNH7+4IxvX1pK8faoYb/0oYSJ1YTsAa5hIFFQ=="
    }
  }
}
